
Microsoft Visual Studio Solution File, Format Version 12.00
# Visual Studio 14
VisualStudioVersion = 14.0.24720.0
MinimumVisualStudioVersion = 10.0.40219.1
Project("{FAE04EC0-301F-11D3-BF4B-00C04F79EFBC}") = "Task1", "Task1\Task1.csproj", "{206BFC7F-5F6C-43FD-AFB6-B7379124CFAA}"
EndProject
Project("{FAE04EC0-301F-11D3-BF4B-00C04F79EFBC}") = "Task1Tests", "Task1Tests\Task1Tests.csproj", "{80285334-AD51-4886-B562-62A2BE08BC69}"
EndProject
Global
	GlobalSection(SolutionConfigurationPlatforms) = preSolution
		Debug|Any CPU = Debug|Any CPU
		Release|Any CPU = Release|Any CPU
	EndGlobalSection
	GlobalSection(ProjectConfigurationPlatforms) = postSolution
		{206BFC7F-5F6C-43FD-AFB6-B7379124CFAA}.Debug|Any CPU.ActiveCfg = Debug|Any CPU
		{206BFC7F-5F6C-43FD-AFB6-B7379124CFAA}.Debug|Any CPU.Build.0 = Debug|Any CPU
		{206BFC7F-5F6C-43FD-AFB6-B7379124CFAA}.Release|Any CPU.ActiveCfg = Release|Any CPU
		{206BFC7F-5F6C-43FD-AFB6-B7379124CFAA}.Release|Any CPU.Build.0 = Release|Any CPU
		{80285334-AD51-4886-B562-62A2BE08BC69}.Debug|Any CPU.ActiveCfg = Debug|Any CPU
		{80285334-AD51-4886-B562-62A2BE08BC69}.Debug|Any CPU.Build.0 = Debug|Any CPU
		{80285334-AD51-4886-B562-62A2BE08BC69}.Release|Any CPU.ActiveCfg = Release|Any CPU
		{80285334-AD51-4886-B562-62A2BE08BC69}.Release|Any CPU.Build.0 = Release|Any CPU
	EndGlobalSection
	GlobalSection(SolutionProperties) = preSolution
		HideSolutionNode = FALSE
	EndGlobalSection
EndGlobal
